
Microsoft Visual Studio Solution File, Format Version 12.00
# Visual Studio Version 17
VisualStudioVersion = 17.0.31903.59
MinimumVisualStudioVersion = 10.0.40219.1
Project("{2150E333-8FDC-42A3-9474-1A3956D46DE8}") = "src", "src", "{318943E8-94A6-4199-9CF4-65D41B15802D}"
EndProject
Project("{FAE04EC0-301F-11D3-BF4B-00C04F79EFBC}") = "MyGame.Core", "src\MyGame.Core\MyGame.Core.csproj", "{0CD28560-9483-4255-A732-EBC75C12E993}"
EndProject
Project("{FAE04EC0-301F-11D3-BF4B-00C04F79EFBC}") = "MyGame.Desktop", "src\MyGame.Desktop\MyGame.Desktop.csproj", "{065AA19A-FC90-4635-8572-5EDE52916234}"
EndProject
Global
	GlobalSection(SolutionConfigurationPlatforms) = preSolution
		Debug|Any CPU = Debug|Any CPU
		Release|Any CPU = Release|Any CPU
	EndGlobalSection
	GlobalSection(SolutionProperties) = preSolution
		HideSolutionNode = FALSE
	EndGlobalSection
	GlobalSection(ProjectConfigurationPlatforms) = postSolution
		{0CD28560-9483-4255-A732-EBC75C12E993}.Debug|Any CPU.ActiveCfg = Debug|Any CPU
		{0CD28560-9483-4255-A732-EBC75C12E993}.Debug|Any CPU.Build.0 = Debug|Any CPU
		{0CD28560-9483-4255-A732-EBC75C12E993}.Release|Any CPU.ActiveCfg = Release|Any CPU
		{0CD28560-9483-4255-A732-EBC75C12E993}.Release|Any CPU.Build.0 = Release|Any CPU
		{065AA19A-FC90-4635-8572-5EDE52916234}.Debug|Any CPU.ActiveCfg = Debug|Any CPU
		{065AA19A-FC90-4635-8572-5EDE52916234}.Debug|Any CPU.Build.0 = Debug|Any CPU
		{065AA19A-FC90-4635-8572-5EDE52916234}.Release|Any CPU.ActiveCfg = Release|Any CPU
		{065AA19A-FC90-4635-8572-5EDE52916234}.Release|Any CPU.Build.0 = Release|Any CPU
	EndGlobalSection
	GlobalSection(NestedProjects) = preSolution
		{0CD28560-9483-4255-A732-EBC75C12E993} = {318943E8-94A6-4199-9CF4-65D41B15802D}
		{065AA19A-FC90-4635-8572-5EDE52916234} = {318943E8-94A6-4199-9CF4-65D41B15802D}
	EndGlobalSection
EndGlobal
